
Microsoft Visual Studio Solution File, Format Version 12.00
# Visual Studio Version 17
VisualStudioVersion = 17.10.35013.160
MinimumVisualStudioVersion = 10.0.40219.1
Project("{FAE04EC0-301F-11D3-BF4B-00C04F79EFBC}") = "PlayingWithArrays", "PlayingWithArrays\PlayingWithArrays.csproj", "{3620996E-3D61-41E0-AF25-A1B729024D04}"
EndProject
Global
	GlobalSection(SolutionConfigurationPlatforms) = preSolution
		Debug|Any CPU = Debug|Any CPU
		Release|Any CPU = Release|Any CPU
	EndGlobalSection
	GlobalSection(ProjectConfigurationPlatforms) = postSolution
		{3620996E-3D61-41E0-AF25-A1B729024D04}.Debug|Any CPU.ActiveCfg = Debug|Any CPU
		{3620996E-3D61-41E0-AF25-A1B729024D04}.Debug|Any CPU.Build.0 = Debug|Any CPU
		{3620996E-3D61-41E0-AF25-A1B729024D04}.Release|Any CPU.ActiveCfg = Release|Any CPU
		{3620996E-3D61-41E0-AF25-A1B729024D04}.Release|Any CPU.Build.0 = Release|Any CPU
	EndGlobalSection
	GlobalSection(SolutionProperties) = preSolution
		HideSolutionNode = FALSE
	EndGlobalSection
	GlobalSection(ExtensibilityGlobals) = postSolution
		SolutionGuid = {C0CFBBDD-1CB7-4B59-8261-9F6A501DA036}
	EndGlobalSection
EndGlobal
